
Microsoft Visual Studio Solution File, Format Version 12.00
# Visual Studio Version 17
VisualStudioVersion = 17.0.31903.59
MinimumVisualStudioVersion = 10.0.40219.1
Project("{FAE04EC0-301F-11D3-BF4B-00C04F79EFBC}") = "API", "API\API.csproj", "{46BD5EE1-01BF-4B9F-B25B-714120347C56}"
EndProject
Project("{FAE04EC0-301F-11D3-BF4B-00C04F79EFBC}") = "Application", "Application\Application.csproj", "{EDA9D316-344D-4055-B6B8-0150BC76592E}"
EndProject
Project("{FAE04EC0-301F-11D3-BF4B-00C04F79EFBC}") = "Domain", "Domain\Domain.csproj", "{1A28A5CA-4C9D-462E-87E0-ADA7CEDC3CFD}"
EndProject
Project("{FAE04EC0-301F-11D3-BF4B-00C04F79EFBC}") = "Persistence", "Persistence\Persistence.csproj", "{CD66818A-D4C5-4AAE-9174-AE04D915A27D}"
EndProject
Project("{FAE04EC0-301F-11D3-BF4B-00C04F79EFBC}") = "Infrastructure", "Infrastructure\Infrastructure.csproj", "{60185265-3EA8-4113-B56A-A85ADEF975E5}"
EndProject
Global
	GlobalSection(SolutionConfigurationPlatforms) = preSolution
		Debug|Any CPU = Debug|Any CPU
		Release|Any CPU = Release|Any CPU
	EndGlobalSection
	GlobalSection(SolutionProperties) = preSolution
		HideSolutionNode = FALSE
	EndGlobalSection
	GlobalSection(ProjectConfigurationPlatforms) = postSolution
		{46BD5EE1-01BF-4B9F-B25B-714120347C56}.Debug|Any CPU.ActiveCfg = Debug|Any CPU
		{46BD5EE1-01BF-4B9F-B25B-714120347C56}.Debug|Any CPU.Build.0 = Debug|Any CPU
		{46BD5EE1-01BF-4B9F-B25B-714120347C56}.Release|Any CPU.ActiveCfg = Release|Any CPU
		{46BD5EE1-01BF-4B9F-B25B-714120347C56}.Release|Any CPU.Build.0 = Release|Any CPU
		{EDA9D316-344D-4055-B6B8-0150BC76592E}.Debug|Any CPU.ActiveCfg = Debug|Any CPU
		{EDA9D316-344D-4055-B6B8-0150BC76592E}.Debug|Any CPU.Build.0 = Debug|Any CPU
		{EDA9D316-344D-4055-B6B8-0150BC76592E}.Release|Any CPU.ActiveCfg = Release|Any CPU
		{EDA9D316-344D-4055-B6B8-0150BC76592E}.Release|Any CPU.Build.0 = Release|Any CPU
		{1A28A5CA-4C9D-462E-87E0-ADA7CEDC3CFD}.Debug|Any CPU.ActiveCfg = Debug|Any CPU
		{1A28A5CA-4C9D-462E-87E0-ADA7CEDC3CFD}.Debug|Any CPU.Build.0 = Debug|Any CPU
		{1A28A5CA-4C9D-462E-87E0-ADA7CEDC3CFD}.Release|Any CPU.ActiveCfg = Release|Any CPU
		{1A28A5CA-4C9D-462E-87E0-ADA7CEDC3CFD}.Release|Any CPU.Build.0 = Release|Any CPU
		{CD66818A-D4C5-4AAE-9174-AE04D915A27D}.Debug|Any CPU.ActiveCfg = Debug|Any CPU
		{CD66818A-D4C5-4AAE-9174-AE04D915A27D}.Debug|Any CPU.Build.0 = Debug|Any CPU
		{CD66818A-D4C5-4AAE-9174-AE04D915A27D}.Release|Any CPU.ActiveCfg = Release|Any CPU
		{CD66818A-D4C5-4AAE-9174-AE04D915A27D}.Release|Any CPU.Build.0 = Release|Any CPU
		{60185265-3EA8-4113-B56A-A85ADEF975E5}.Debug|Any CPU.ActiveCfg = Debug|Any CPU
		{60185265-3EA8-4113-B56A-A85ADEF975E5}.Debug|Any CPU.Build.0 = Debug|Any CPU
		{60185265-3EA8-4113-B56A-A85ADEF975E5}.Release|Any CPU.ActiveCfg = Release|Any CPU
		{60185265-3EA8-4113-B56A-A85ADEF975E5}.Release|Any CPU.Build.0 = Release|Any CPU
	EndGlobalSection
EndGlobal
